
Microsoft Visual Studio Solution File, Format Version 12.00
# Visual Studio Version 16
VisualStudioVersion = 16.0.30621.155
MinimumVisualStudioVersion = 10.0.40219.1
Project("{9A19103F-16F7-4668-BE54-9A1E7A4F7556}") = "shagDiplom", "shagDiplom.csproj", "{3DC41C69-8C07-4308-9DF0-B01BA74651BA}"
EndProject
Global
	GlobalSection(SolutionConfigurationPlatforms) = preSolution
		Debug|Any CPU = Debug|Any CPU
		Release|Any CPU = Release|Any CPU
	EndGlobalSection
	GlobalSection(ProjectConfigurationPlatforms) = postSolution
		{3DC41C69-8C07-4308-9DF0-B01BA74651BA}.Debug|Any CPU.ActiveCfg = Debug|Any CPU
		{3DC41C69-8C07-4308-9DF0-B01BA74651BA}.Debug|Any CPU.Build.0 = Debug|Any CPU
		{3DC41C69-8C07-4308-9DF0-B01BA74651BA}.Release|Any CPU.ActiveCfg = Release|Any CPU
		{3DC41C69-8C07-4308-9DF0-B01BA74651BA}.Release|Any CPU.Build.0 = Release|Any CPU
	EndGlobalSection
	GlobalSection(SolutionProperties) = preSolution
		HideSolutionNode = FALSE
	EndGlobalSection
	GlobalSection(ExtensibilityGlobals) = postSolution
		SolutionGuid = {FB9F3F9D-3B87-4255-AD15-E9CE96AA6F05}
	EndGlobalSection
EndGlobal
